
Microsoft Visual Studio Solution File, Format Version 12.00
# Visual Studio Version 17
VisualStudioVersion = 17.7.34018.315
MinimumVisualStudioVersion = 10.0.40219.1
Project("{9A19103F-16F7-4668-BE54-9A1E7A4F7556}") = "Assignment_Catalogue", "Assignment_Catalogue.csproj", "{A4D05257-4B1D-4E3A-A612-3261A70AE6DA}"
EndProject
Global
	GlobalSection(SolutionConfigurationPlatforms) = preSolution
		Debug|Any CPU = Debug|Any CPU
		Release|Any CPU = Release|Any CPU
	EndGlobalSection
	GlobalSection(ProjectConfigurationPlatforms) = postSolution
		{A4D05257-4B1D-4E3A-A612-3261A70AE6DA}.Debug|Any CPU.ActiveCfg = Debug|Any CPU
		{A4D05257-4B1D-4E3A-A612-3261A70AE6DA}.Debug|Any CPU.Build.0 = Debug|Any CPU
		{A4D05257-4B1D-4E3A-A612-3261A70AE6DA}.Release|Any CPU.ActiveCfg = Release|Any CPU
		{A4D05257-4B1D-4E3A-A612-3261A70AE6DA}.Release|Any CPU.Build.0 = Release|Any CPU
	EndGlobalSection
	GlobalSection(SolutionProperties) = preSolution
		HideSolutionNode = FALSE
	EndGlobalSection
	GlobalSection(ExtensibilityGlobals) = postSolution
		SolutionGuid = {1DA86D0C-F6B7-4A46-BE9E-6E22BC9CDE31}
	EndGlobalSection
EndGlobal
